
Microsoft Visual Studio Solution File, Format Version 12.00
# Visual Studio Version 17
VisualStudioVersion = 17.0.31903.59
MinimumVisualStudioVersion = 10.0.40219.1
Project("{2150E333-8FDC-42A3-9474-1A3956D46DE8}") = "Contrib", "Contrib", "{0C3F1673-9EB6-40E5-8CF6-4A0CEBA7094D}"
EndProject
Project("{FAE04EC0-301F-11D3-BF4B-00C04F79EFBC}") = "Textitem.Api", "Contrib\Textitem.Api\Textitem.Api.csproj", "{72F53716-7D60-4604-A71F-FA4E5994FDA5}"
EndProject
Global
	GlobalSection(SolutionConfigurationPlatforms) = preSolution
		Debug|Any CPU = Debug|Any CPU
		Release|Any CPU = Release|Any CPU
	EndGlobalSection
	GlobalSection(SolutionProperties) = preSolution
		HideSolutionNode = FALSE
	EndGlobalSection
	GlobalSection(ProjectConfigurationPlatforms) = postSolution
		{72F53716-7D60-4604-A71F-FA4E5994FDA5}.Debug|Any CPU.ActiveCfg = Debug|Any CPU
		{72F53716-7D60-4604-A71F-FA4E5994FDA5}.Debug|Any CPU.Build.0 = Debug|Any CPU
		{72F53716-7D60-4604-A71F-FA4E5994FDA5}.Release|Any CPU.ActiveCfg = Release|Any CPU
		{72F53716-7D60-4604-A71F-FA4E5994FDA5}.Release|Any CPU.Build.0 = Release|Any CPU
	EndGlobalSection
	GlobalSection(NestedProjects) = preSolution
		{72F53716-7D60-4604-A71F-FA4E5994FDA5} = {0C3F1673-9EB6-40E5-8CF6-4A0CEBA7094D}
	EndGlobalSection
EndGlobal
