
Microsoft Visual Studio Solution File, Format Version 12.00
# Visual Studio Version 17
VisualStudioVersion = 17.0.31903.59
MinimumVisualStudioVersion = 10.0.40219.1
Project("{2150E333-8FDC-42A3-9474-1A3956D46DE8}") = "Contrib", "Contrib", "{0C3F1673-9EB6-40E5-8CF6-4A0CEBA7094D}"
EndProject
Project("{FAE04EC0-301F-11D3-BF4B-00C04F79EFBC}") = "Textitem.Api", "Contrib\Textitem.Api\Textitem.Api.csproj", "{72F53716-7D60-4604-A71F-FA4E5994FDA5}"
EndProject
Project("{2150E333-8FDC-42A3-9474-1A3956D46DE8}") = "dapr", "dapr", "{2B9F5638-3560-4A21-954B-151BBBE30C8A}"
EndProject
Project("{2150E333-8FDC-42A3-9474-1A3956D46DE8}") = "components", "components", "{6E10EBB5-EFDF-4282-8A9D-DC347DC67F52}"
	ProjectSection(SolutionItems) = preProject
		dapr\components\recall-secretstore.yaml = dapr\components\recall-secretstore.yaml
		dapr\components\recall-secrets.json = dapr\components\recall-secrets.json
		dapr\components\recall-pubsub.yaml = dapr\components\recall-pubsub.yaml
	EndProjectSection
EndProject
Project("{2150E333-8FDC-42A3-9474-1A3956D46DE8}") = "configuration", "configuration", "{95794935-6CF8-43E7-A7D1-1A91DC7577FA}"
	ProjectSection(SolutionItems) = preProject
		dapr\configuration\recall-configuration.yaml = dapr\configuration\recall-configuration.yaml
	EndProjectSection
EndProject
Project("{2150E333-8FDC-42A3-9474-1A3956D46DE8}") = "Infrastructure", "Infrastructure", "{5CEC10A7-4474-4F3D-AF14-FD78CE2B4B32}"
	ProjectSection(SolutionItems) = preProject
		Infrastructure\envoy.yaml = Infrastructure\envoy.yaml
	EndProjectSection
EndProject
Project("{FAE04EC0-301F-11D3-BF4B-00C04F79EFBC}") = "Infrastructure.Api", "Infrastructure\Infrastructure.Api\Infrastructure.Api.csproj", "{D503383D-C6DF-492D-A45B-45844B675610}"
EndProject
Project("{FAE04EC0-301F-11D3-BF4B-00C04F79EFBC}") = "ServiceStatus", "Infrastructure\ServiceStatus\ServiceStatus.csproj", "{5A9D763A-1C8A-48BD-90BF-03C2EA9AD986}"
EndProject
Project("{FAE04EC0-301F-11D3-BF4B-00C04F79EFBC}") = "Ddd.Domain", "Infrastructure\Ddd.Domain\Ddd.Domain.csproj", "{23045B8A-319C-4A47-A985-1B6A88262A99}"
EndProject
Project("{2150E333-8FDC-42A3-9474-1A3956D46DE8}") = "Core", "Core", "{BF460659-93BE-4BF4-8BFC-EEC4D49B9DC0}"
EndProject
Project("{2150E333-8FDC-42A3-9474-1A3956D46DE8}") = "List", "List", "{41419F2C-4770-4E8A-9B4F-1FF19BA3922E}"
EndProject
Project("{FAE04EC0-301F-11D3-BF4B-00C04F79EFBC}") = "List.Domain", "Core\List\List.Domain\List.Domain.csproj", "{62134A65-4B46-44BB-8965-5EF035A16ED9}"
EndProject
Project("{FAE04EC0-301F-11D3-BF4B-00C04F79EFBC}") = "Ddd.Infrastructure", "Infrastructure\Ddd.Infrastructure\Ddd.Infrastructure.csproj", "{AFAD822D-0923-430B-8B7D-256BEC95E1F8}"
EndProject
Project("{FAE04EC0-301F-11D3-BF4B-00C04F79EFBC}") = "List.Infrastructure", "Core\List\List.Infrastructure\List.Infrastructure.csproj", "{2DDD4148-214D-44B8-A9F4-07BC441D9F07}"
EndProject
Project("{FAE04EC0-301F-11D3-BF4B-00C04F79EFBC}") = "List.Api", "Core\List\List.Api\List.Api.csproj", "{4D4A48EF-A2CA-4B15-BF04-47BA7C89427B}"
EndProject
Project("{FAE04EC0-301F-11D3-BF4B-00C04F79EFBC}") = "EventBus", "Infrastructure\EventBus\EventBus.csproj", "{099B9B91-FD08-4C16-8271-3D72B5B878A2}"
EndProject
Project("{FAE04EC0-301F-11D3-BF4B-00C04F79EFBC}") = "IntegrationEventLog", "Infrastructure\IntegrationEventLog\IntegrationEventLog.csproj", "{F5F84171-D4A7-4013-B2CC-B15E43BEE378}"
EndProject
Project("{FAE04EC0-301F-11D3-BF4B-00C04F79EFBC}") = "Identity.Api", "Infrastructure\Identity.Api\Identity.Api.csproj", "{6F409AC8-6889-444D-B41A-7DB72276F832}"
EndProject
Global
	GlobalSection(SolutionConfigurationPlatforms) = preSolution
		Debug|Any CPU = Debug|Any CPU
		Release|Any CPU = Release|Any CPU
	EndGlobalSection
	GlobalSection(ProjectConfigurationPlatforms) = postSolution
		{72F53716-7D60-4604-A71F-FA4E5994FDA5}.Debug|Any CPU.ActiveCfg = Debug|Any CPU
		{72F53716-7D60-4604-A71F-FA4E5994FDA5}.Debug|Any CPU.Build.0 = Debug|Any CPU
		{72F53716-7D60-4604-A71F-FA4E5994FDA5}.Release|Any CPU.ActiveCfg = Release|Any CPU
		{72F53716-7D60-4604-A71F-FA4E5994FDA5}.Release|Any CPU.Build.0 = Release|Any CPU
		{D503383D-C6DF-492D-A45B-45844B675610}.Debug|Any CPU.ActiveCfg = Debug|Any CPU
		{D503383D-C6DF-492D-A45B-45844B675610}.Debug|Any CPU.Build.0 = Debug|Any CPU
		{D503383D-C6DF-492D-A45B-45844B675610}.Release|Any CPU.ActiveCfg = Release|Any CPU
		{D503383D-C6DF-492D-A45B-45844B675610}.Release|Any CPU.Build.0 = Release|Any CPU
		{5A9D763A-1C8A-48BD-90BF-03C2EA9AD986}.Debug|Any CPU.ActiveCfg = Debug|Any CPU
		{5A9D763A-1C8A-48BD-90BF-03C2EA9AD986}.Debug|Any CPU.Build.0 = Debug|Any CPU
		{5A9D763A-1C8A-48BD-90BF-03C2EA9AD986}.Release|Any CPU.ActiveCfg = Release|Any CPU
		{5A9D763A-1C8A-48BD-90BF-03C2EA9AD986}.Release|Any CPU.Build.0 = Release|Any CPU
		{23045B8A-319C-4A47-A985-1B6A88262A99}.Debug|Any CPU.ActiveCfg = Debug|Any CPU
		{23045B8A-319C-4A47-A985-1B6A88262A99}.Debug|Any CPU.Build.0 = Debug|Any CPU
		{23045B8A-319C-4A47-A985-1B6A88262A99}.Release|Any CPU.ActiveCfg = Release|Any CPU
		{23045B8A-319C-4A47-A985-1B6A88262A99}.Release|Any CPU.Build.0 = Release|Any CPU
		{62134A65-4B46-44BB-8965-5EF035A16ED9}.Debug|Any CPU.ActiveCfg = Debug|Any CPU
		{62134A65-4B46-44BB-8965-5EF035A16ED9}.Debug|Any CPU.Build.0 = Debug|Any CPU
		{62134A65-4B46-44BB-8965-5EF035A16ED9}.Release|Any CPU.ActiveCfg = Release|Any CPU
		{62134A65-4B46-44BB-8965-5EF035A16ED9}.Release|Any CPU.Build.0 = Release|Any CPU
		{AFAD822D-0923-430B-8B7D-256BEC95E1F8}.Debug|Any CPU.ActiveCfg = Debug|Any CPU
		{AFAD822D-0923-430B-8B7D-256BEC95E1F8}.Debug|Any CPU.Build.0 = Debug|Any CPU
		{AFAD822D-0923-430B-8B7D-256BEC95E1F8}.Release|Any CPU.ActiveCfg = Release|Any CPU
		{AFAD822D-0923-430B-8B7D-256BEC95E1F8}.Release|Any CPU.Build.0 = Release|Any CPU
		{2DDD4148-214D-44B8-A9F4-07BC441D9F07}.Debug|Any CPU.ActiveCfg = Debug|Any CPU
		{2DDD4148-214D-44B8-A9F4-07BC441D9F07}.Debug|Any CPU.Build.0 = Debug|Any CPU
		{2DDD4148-214D-44B8-A9F4-07BC441D9F07}.Release|Any CPU.ActiveCfg = Release|Any CPU
		{2DDD4148-214D-44B8-A9F4-07BC441D9F07}.Release|Any CPU.Build.0 = Release|Any CPU
		{4D4A48EF-A2CA-4B15-BF04-47BA7C89427B}.Debug|Any CPU.ActiveCfg = Debug|Any CPU
		{4D4A48EF-A2CA-4B15-BF04-47BA7C89427B}.Debug|Any CPU.Build.0 = Debug|Any CPU
		{4D4A48EF-A2CA-4B15-BF04-47BA7C89427B}.Release|Any CPU.ActiveCfg = Release|Any CPU
		{4D4A48EF-A2CA-4B15-BF04-47BA7C89427B}.Release|Any CPU.Build.0 = Release|Any CPU
		{099B9B91-FD08-4C16-8271-3D72B5B878A2}.Debug|Any CPU.ActiveCfg = Debug|Any CPU
		{099B9B91-FD08-4C16-8271-3D72B5B878A2}.Debug|Any CPU.Build.0 = Debug|Any CPU
		{099B9B91-FD08-4C16-8271-3D72B5B878A2}.Release|Any CPU.ActiveCfg = Release|Any CPU
		{099B9B91-FD08-4C16-8271-3D72B5B878A2}.Release|Any CPU.Build.0 = Release|Any CPU
		{F5F84171-D4A7-4013-B2CC-B15E43BEE378}.Debug|Any CPU.ActiveCfg = Debug|Any CPU
		{F5F84171-D4A7-4013-B2CC-B15E43BEE378}.Debug|Any CPU.Build.0 = Debug|Any CPU
		{F5F84171-D4A7-4013-B2CC-B15E43BEE378}.Release|Any CPU.ActiveCfg = Release|Any CPU
		{F5F84171-D4A7-4013-B2CC-B15E43BEE378}.Release|Any CPU.Build.0 = Release|Any CPU
		{6F409AC8-6889-444D-B41A-7DB72276F832}.Debug|Any CPU.ActiveCfg = Debug|Any CPU
		{6F409AC8-6889-444D-B41A-7DB72276F832}.Debug|Any CPU.Build.0 = Debug|Any CPU
		{6F409AC8-6889-444D-B41A-7DB72276F832}.Release|Any CPU.ActiveCfg = Release|Any CPU
		{6F409AC8-6889-444D-B41A-7DB72276F832}.Release|Any CPU.Build.0 = Release|Any CPU
	EndGlobalSection
	GlobalSection(SolutionProperties) = preSolution
		HideSolutionNode = FALSE
	EndGlobalSection
	GlobalSection(NestedProjects) = preSolution
		{72F53716-7D60-4604-A71F-FA4E5994FDA5} = {0C3F1673-9EB6-40E5-8CF6-4A0CEBA7094D}
		{6E10EBB5-EFDF-4282-8A9D-DC347DC67F52} = {2B9F5638-3560-4A21-954B-151BBBE30C8A}
		{95794935-6CF8-43E7-A7D1-1A91DC7577FA} = {2B9F5638-3560-4A21-954B-151BBBE30C8A}
		{D503383D-C6DF-492D-A45B-45844B675610} = {5CEC10A7-4474-4F3D-AF14-FD78CE2B4B32}
		{5A9D763A-1C8A-48BD-90BF-03C2EA9AD986} = {5CEC10A7-4474-4F3D-AF14-FD78CE2B4B32}
		{23045B8A-319C-4A47-A985-1B6A88262A99} = {5CEC10A7-4474-4F3D-AF14-FD78CE2B4B32}
		{41419F2C-4770-4E8A-9B4F-1FF19BA3922E} = {BF460659-93BE-4BF4-8BFC-EEC4D49B9DC0}
		{62134A65-4B46-44BB-8965-5EF035A16ED9} = {41419F2C-4770-4E8A-9B4F-1FF19BA3922E}
		{AFAD822D-0923-430B-8B7D-256BEC95E1F8} = {5CEC10A7-4474-4F3D-AF14-FD78CE2B4B32}
		{2DDD4148-214D-44B8-A9F4-07BC441D9F07} = {41419F2C-4770-4E8A-9B4F-1FF19BA3922E}
		{4D4A48EF-A2CA-4B15-BF04-47BA7C89427B} = {41419F2C-4770-4E8A-9B4F-1FF19BA3922E}
		{099B9B91-FD08-4C16-8271-3D72B5B878A2} = {5CEC10A7-4474-4F3D-AF14-FD78CE2B4B32}
		{F5F84171-D4A7-4013-B2CC-B15E43BEE378} = {5CEC10A7-4474-4F3D-AF14-FD78CE2B4B32}
		{6F409AC8-6889-444D-B41A-7DB72276F832} = {5CEC10A7-4474-4F3D-AF14-FD78CE2B4B32}
	EndGlobalSection
EndGlobal
